
Microsoft Visual Studio Solution File, Format Version 12.00
# Visual Studio Version 17
VisualStudioVersion = 17.0.32112.339
MinimumVisualStudioVersion = 10.0.40219.1
Project("{FAE04EC0-301F-11D3-BF4B-00C04F79EFBC}") = "es06NikolovskiEditorHtml", "es06NikolovskiEditorHtml\es06NikolovskiEditorHtml.csproj", "{593C912B-B64B-403F-ACF6-3E4C082D0BBA}"
EndProject
Global
	GlobalSection(SolutionConfigurationPlatforms) = preSolution
		Debug|Any CPU = Debug|Any CPU
		Release|Any CPU = Release|Any CPU
	EndGlobalSection
	GlobalSection(ProjectConfigurationPlatforms) = postSolution
		{593C912B-B64B-403F-ACF6-3E4C082D0BBA}.Debug|Any CPU.ActiveCfg = Debug|Any CPU
		{593C912B-B64B-403F-ACF6-3E4C082D0BBA}.Debug|Any CPU.Build.0 = Debug|Any CPU
		{593C912B-B64B-403F-ACF6-3E4C082D0BBA}.Release|Any CPU.ActiveCfg = Release|Any CPU
		{593C912B-B64B-403F-ACF6-3E4C082D0BBA}.Release|Any CPU.Build.0 = Release|Any CPU
	EndGlobalSection
	GlobalSection(SolutionProperties) = preSolution
		HideSolutionNode = FALSE
	EndGlobalSection
	GlobalSection(ExtensibilityGlobals) = postSolution
		SolutionGuid = {BB3471B7-EEFF-45BE-A0A2-D520899FBF35}
	EndGlobalSection
EndGlobal
